
Microsoft Visual Studio Solution File, Format Version 12.00
# Visual Studio Version 17
VisualStudioVersion = 17.1.32210.238
MinimumVisualStudioVersion = 10.0.40219.1
Project("{FAE04EC0-301F-11D3-BF4B-00C04F79EFBC}") = "20220330-2", "20220330-2\20220330-2.csproj", "{EA3B97DA-AC41-4FB9-BA21-EDD288FB748B}"
EndProject
Global
	GlobalSection(SolutionConfigurationPlatforms) = preSolution
		Debug|Any CPU = Debug|Any CPU
		Release|Any CPU = Release|Any CPU
	EndGlobalSection
	GlobalSection(ProjectConfigurationPlatforms) = postSolution
		{EA3B97DA-AC41-4FB9-BA21-EDD288FB748B}.Debug|Any CPU.ActiveCfg = Debug|Any CPU
		{EA3B97DA-AC41-4FB9-BA21-EDD288FB748B}.Debug|Any CPU.Build.0 = Debug|Any CPU
		{EA3B97DA-AC41-4FB9-BA21-EDD288FB748B}.Release|Any CPU.ActiveCfg = Release|Any CPU
		{EA3B97DA-AC41-4FB9-BA21-EDD288FB748B}.Release|Any CPU.Build.0 = Release|Any CPU
	EndGlobalSection
	GlobalSection(SolutionProperties) = preSolution
		HideSolutionNode = FALSE
	EndGlobalSection
	GlobalSection(ExtensibilityGlobals) = postSolution
		SolutionGuid = {84BCFCA4-D7CD-4ECA-A17A-144EC8D1E27B}
	EndGlobalSection
EndGlobal
